
Microsoft Visual Studio Solution File, Format Version 12.00
# Visual Studio Version 16
VisualStudioVersion = 16.0.29613.14
MinimumVisualStudioVersion = 10.0.40219.1
Project("{FAE04EC0-301F-11D3-BF4B-00C04F79EFBC}") = "PointsLibrary", "PointsLibrary\PointsLibrary.csproj", "{D4A3ACA7-49FD-40D1-9619-F4BC429CB8CF}"
EndProject
Project("{FAE04EC0-301F-11D3-BF4B-00C04F79EFBC}") = "Points.Client", "Points.Client\Points.Client.csproj", "{D5D5B53B-2059-4E29-8A56-95DE40B5AACD}"
EndProject
Global
	GlobalSection(SolutionConfigurationPlatforms) = preSolution
		Debug|Any CPU = Debug|Any CPU
		Release|Any CPU = Release|Any CPU
	EndGlobalSection
	GlobalSection(ProjectConfigurationPlatforms) = postSolution
		{D4A3ACA7-49FD-40D1-9619-F4BC429CB8CF}.Debug|Any CPU.ActiveCfg = Debug|Any CPU
		{D4A3ACA7-49FD-40D1-9619-F4BC429CB8CF}.Debug|Any CPU.Build.0 = Debug|Any CPU
		{D4A3ACA7-49FD-40D1-9619-F4BC429CB8CF}.Release|Any CPU.ActiveCfg = Release|Any CPU
		{D4A3ACA7-49FD-40D1-9619-F4BC429CB8CF}.Release|Any CPU.Build.0 = Release|Any CPU
		{D5D5B53B-2059-4E29-8A56-95DE40B5AACD}.Debug|Any CPU.ActiveCfg = Debug|Any CPU
		{D5D5B53B-2059-4E29-8A56-95DE40B5AACD}.Debug|Any CPU.Build.0 = Debug|Any CPU
		{D5D5B53B-2059-4E29-8A56-95DE40B5AACD}.Release|Any CPU.ActiveCfg = Release|Any CPU
		{D5D5B53B-2059-4E29-8A56-95DE40B5AACD}.Release|Any CPU.Build.0 = Release|Any CPU
	EndGlobalSection
	GlobalSection(SolutionProperties) = preSolution
		HideSolutionNode = FALSE
	EndGlobalSection
	GlobalSection(ExtensibilityGlobals) = postSolution
		SolutionGuid = {AD449FD9-D262-41B2-8698-58E372203BDD}
	EndGlobalSection
EndGlobal
